// !$*UTF8*$!
{
	archiveVersion = 1;
	classes = {
	};
	objectVersion = 46;
	objects = {

/* Begin PBXBuildFile section */
		77CA0D661B6BBCD100A898C1 /* AppDelegate.swift in Sources */ = {isa = PBXBuildFile; fileRef = 77CA0D651B6BBCD100A898C1 /* AppDelegate.swift */; };
		77CA0D681B6BBCD100A898C1 /* ViewController.swift in Sources */ = {isa = PBXBuildFile; fileRef = 77CA0D671B6BBCD100A898C1 /* ViewController.swift */; };
		77CA0D6B1B6BBCD100A898C1 /* Main.storyboard in Resources */ = {isa = PBXBuildFile; fileRef = 77CA0D691B6BBCD100A898C1 /* Main.storyboard */; };
		77CA0D6D1B6BBCD100A898C1 /* Images.xcassets in Resources */ = {isa = PBXBuildFile; fileRef = 77CA0D6C1B6BBCD100A898C1 /* Images.xcassets */; };
		77CA0D701B6BBCD100A898C1 /* LaunchScreen.xib in Resources */ = {isa = PBXBuildFile; fileRef = 77CA0D6E1B6BBCD100A898C1 /* LaunchScreen.xib */; };
		77CA0D7C1B6BBCD100A898C1 /* KVO_vs_PFObjectTests.swift in Sources */ = {isa = PBXBuildFile; fileRef = 77CA0D7B1B6BBCD100A898C1 /* KVO_vs_PFObjectTests.swift */; };
/* End PBXBuildFile section */

/* Begin PBXContainerItemProxy section */
		77CA0D761B6BBCD100A898C1 /* PBXContainerItemProxy */ = {
			isa = PBXContainerItemProxy;
			containerPortal = 77CA0D581B6BBCD000A898C1 /* Project object */;
			proxyType = 1;
			remoteGlobalIDString = 77CA0D5F1B6BBCD100A898C1;
			remoteInfo = KVO_vs_PFObject;
		};
/* End PBXContainerItemProxy section */

/* Begin PBXFileReference section */
		77CA0D601B6BBCD100A898C1 /* KVO_vs_PFObject.app */ = {isa = PBXFileReference; explicitFileType = wrapper.application; includeInIndex = 0; path = KVO_vs_PFObject.app; sourceTree = BUILT_PRODUCTS_DIR; };
		77CA0D641B6BBCD100A898C1 /* Info.plist */ = {isa = PBXFileReference; lastKnownFileType = text.plist.xml; path = Info.plist; sourceTree = "<group>"; };
		77CA0D651B6BBCD100A898C1 /* AppDelegate.swift */ = {isa = PBXFileReference; lastKnownFileType = sourcecode.swift; path = AppDelegate.swift; sourceTree = "<group>"; };
		77CA0D671B6BBCD100A898C1 /* ViewController.swift */ = {isa = PBXFileReference; lastKnownFileType = sourcecode.swift; path = ViewController.swift; sourceTree = "<group>"; };
		77CA0D6A1B6BBCD100A898C1 /* Base */ = {isa = PBXFileReference; lastKnownFileType = file.storyboard; name = Base; path = Base.lproj/Main.storyboard; sourceTree = "<group>"; };
		77CA0D6C1B6BBCD100A898C1 /* Images.xcassets */ = {isa = PBXFileReference; lastKnownFileType = folder.assetcatalog; path = Images.xcassets; sourceTree = "<group>"; };
		77CA0D6F1B6BBCD100A898C1 /* Base */ = {isa = PBXFileReference; lastKnownFileType = file.xib; name = Base; path = Base.lproj/LaunchScreen.xib; sourceTree = "<group>"; };
		77CA0D751B6BBCD100A898C1 /* KVO_vs_PFObjectTests.xctest */ = {isa = PBXFileReference; explicitFileType = wrapper.cfbundle; includeInIndex = 0; path = KVO_vs_PFObjectTests.xctest; sourceTree = BUILT_PRODUCTS_DIR; };
		77CA0D7A1B6BBCD100A898C1 /* Info.plist */ = {isa = PBXFileReference; lastKnownFileType = text.plist.xml; path = Info.plist; sourceTree = "<group>"; };
		77CA0D7B1B6BBCD100A898C1 /* KVO_vs_PFObjectTests.swift */ = {isa = PBXFileReference; lastKnownFileType = sourcecode.swift; path = KVO_vs_PFObjectTests.swift; sourceTree = "<group>"; };
/* End PBXFileReference section */

/* Begin PBXFrameworksBuildPhase section */
		77CA0D5D1B6BBCD100A898C1 /* Frameworks */ = {
			isa = PBXFrameworksBuildPhase;
			buildActionMask = 2147483647;
			files = (
			);
			runOnlyForDeploymentPostprocessing = 0;
		};
		77CA0D721B6BBCD100A898C1 /* Frameworks */ = {
			isa = PBXFrameworksBuildPhase;
			buildActionMask = 2147483647;
			files = (
			);
			runOnlyForDeploymentPostprocessing = 0;
		};
/* End PBXFrameworksBuildPhase section */

/* Begin PBXGroup section */
		77CA0D571B6BBCD000A898C1 = {
			isa = PBXGroup;
			children = (
				77CA0D621B6BBCD100A898C1 /* KVO_vs_PFObject */,
				77CA0D781B6BBCD100A898C1 /* KVO_vs_PFObjectTests */,
				77CA0D611B6BBCD100A898C1 /* Products */,
			);
			sourceTree = "<group>";
		};
		77CA0D611B6BBCD100A898C1 /* Products */ = {
			isa = PBXGroup;
			children = (
				77CA0D601B6BBCD100A898C1 /* KVO_vs_PFObject.app */,
				77CA0D751B6BBCD100A898C1 /* KVO_vs_PFObjectTests.xctest */,
			);
			name = Products;
			sourceTree = "<group>";
		};
		77CA0D621B6BBCD100A898C1 /* KVO_vs_PFObject */ = {
			isa = PBXGroup;
			children = (
				77CA0D651B6BBCD100A898C1 /* AppDelegate.swift */,
				77CA0D671B6BBCD100A898C1 /* ViewController.swift */,
				77CA0D691B6BBCD100A898C1 /* Main.storyboard */,
				77CA0D6C1B6BBCD100A898C1 /* Images.xcassets */,
				77CA0D6E1B6BBCD100A898C1 /* LaunchScreen.xib */,
				77CA0D631B6BBCD100A898C1 /* Supporting Files */,
			);
			path = KVO_vs_PFObject;
			sourceTree = "<group>";
		};
		77CA0D631B6BBCD100A898C1 /* Supporting Files */ = {
			isa = PBXGroup;
			children = (
				77CA0D641B6BBCD100A898C1 /* Info.plist */,
			);
			name = "Supporting Files";
			sourceTree = "<group>";
		};
		77CA0D781B6BBCD100A898C1 /* KVO_vs_PFObjectTests */ = {
			isa = PBXGroup;
			children = (
				77CA0D7B1B6BBCD100A898C1 /* KVO_vs_PFObjectTests.swift */,
				77CA0D791B6BBCD100A898C1 /* Supporting Files */,
			);
			path = KVO_vs_PFObjectTests;
			sourceTree = "<group>";
		};
		77CA0D791B6BBCD100A898C1 /* Supporting Files */ = {
			isa = PBXGroup;
			children = (
				77CA0D7A1B6BBCD100A898C1 /* Info.plist */,
			);
			name = "Supporting Files";
			sourceTree = "<group>";
		};
/* End PBXGroup section */

/* Begin PBXNativeTarget section */
		77CA0D5F1B6BBCD100A898C1 /* KVO_vs_PFObject */ = {
			isa = PBXNativeTarget;
			buildConfigurationList = 77CA0D7F1B6BBCD100A898C1 /* Build configuration list for PBXNativeTarget "KVO_vs_PFObject" */;
			buildPhases = (
				77CA0D5C1B6BBCD100A898C1 /* Sources */,
				77CA0D5D1B6BBCD100A898C1 /* Frameworks */,
				77CA0D5E1B6BBCD100A898C1 /* Resources */,
			);
			buildRules = (
			);
			dependencies = (
			);
			name = KVO_vs_PFObject;
			productName = KVO_vs_PFObject;
			productReference = 77CA0D601B6BBCD100A898C1 /* KVO_vs_PFObject.app */;
			productType = "com.apple.product-type.application";
		};
		77CA0D741B6BBCD100A898C1 /* KVO_vs_PFObjectTests */ = {
			isa = PBXNativeTarget;
			buildConfigurationList = 77CA0D821B6BBCD100A898C1 /* Build configuration list for PBXNativeTarget "KVO_vs_PFObjectTests" */;
			buildPhases = (
				77CA0D711B6BBCD100A898C1 /* Sources */,
				77CA0D721B6BBCD100A898C1 /* Frameworks */,
				77CA0D731B6BBCD100A898C1 /* Resources */,
			);
			buildRules = (
			);
			dependencies = (
				77CA0D771B6BBCD100A898C1 /* PBXTargetDependency */,
			);
			name = KVO_vs_PFObjectTests;
			productName = KVO_vs_PFObjectTests;
			productReference = 77CA0D751B6BBCD100A898C1 /* KVO_vs_PFObjectTests.xctest */;
			productType = "com.apple.product-type.bundle.unit-test";
		};
/* End PBXNativeTarget section */

/* Begin PBXProject section */
		77CA0D581B6BBCD000A898C1 /* Project object */ = {
			isa = PBXProject;
			attributes = {
				LastUpgradeCheck = 0630;
				ORGANIZATIONNAME = "EDGARDO AGNO";
				TargetAttributes = {
					77CA0D5F1B6BBCD100A898C1 = {
						CreatedOnToolsVersion = 6.3.1;
					};
					77CA0D741B6BBCD100A898C1 = {
						CreatedOnToolsVersion = 6.3.1;
						TestTargetID = 77CA0D5F1B6BBCD100A898C1;
					};
				};
			};
			buildConfigurationList = 77CA0D5B1B6BBCD000A898C1 /* Build configuration list for PBXProject "KVO_vs_PFObject" */;
			compatibilityVersion = "Xcode 3.2";
			developmentRegion = English;
			hasScannedForEncodings = 0;
			knownRegions = (
				en,
				Base,
			);
			mainGroup = 77CA0D571B6BBCD000A898C1;
			productRefGroup = 77CA0D611B6BBCD100A898C1 /* Products */;
			projectDirPath = "";
			projectRoot = "";
			targets = (
				77CA0D5F1B6BBCD100A898C1 /* KVO_vs_PFObject */,
				77CA0D741B6BBCD100A898C1 /* KVO_vs_PFObjectTests */,
			);
		};
/* End PBXProject section */

/* Begin PBXResourcesBuildPhase section */
		77CA0D5E1B6BBCD100A898C1 /* Resources */ = {
			isa = PBXResourcesBuildPhase;
			buildActionMask = 2147483647;
			files = (
				77CA0D6B1B6BBCD100A898C1 /* Main.storyboard in Resources */,
				77CA0D701B6BBCD100A898C1 /* LaunchScreen.xib in Resources */,
				77CA0D6D1B6BBCD100A898C1 /* Images.xcassets in Resources */,
			);
			runOnlyForDeploymentPostprocessing = 0;
		};
		77CA0D731B6BBCD100A898C1 /* Resources */ = {
			isa = PBXResourcesBuildPhase;
			buildActionMask = 2147483647;
			files = (
			);
			runOnlyForDeploymentPostprocessing = 0;
		};
/* End PBXResourcesBuildPhase section */

/* Begin PBXSourcesBuildPhase section */
		77CA0D5C1B6BBCD100A898C1 /* Sources */ = {
			isa = PBXSourcesBuildPhase;
			buildActionMask = 2147483647;
			files = (
				77CA0D681B6BBCD100A898C1 /* ViewController.swift in Sources */,
				77CA0D661B6BBCD100A898C1 /* AppDelegate.swift in Sources */,
			);
			runOnlyForDeploymentPostprocessing = 0;
		};
		77CA0D711B6BBCD100A898C1 /* Sources */ = {
			isa = PBXSourcesBuildPhase;
			buildActionMask = 2147483647;
			files = (
				77CA0D7C1B6BBCD100A898C1 /* KVO_vs_PFObjectTests.swift in Sources */,
			);
			runOnlyForDeploymentPostprocessing = 0;
		};
/* End PBXSourcesBuildPhase section */

/* Begin PBXTargetDependency section */
		77CA0D771B6BBCD100A898C1 /* PBXTargetDependency */ = {
			isa = PBXTargetDependency;
			target = 77CA0D5F1B6BBCD100A898C1 /* KVO_vs_PFObject */;
			targetProxy = 77CA0D761B6BBCD100A898C1 /* PBXContainerItemProxy */;
		};
/* End PBXTargetDependency section */

/* Begin PBXVariantGroup section */
		77CA0D691B6BBCD100A898C1 /* Main.storyboard */ = {
			isa = PBXVariantGroup;
			children = (
				77CA0D6A1B6BBCD100A898C1 /* Base */,
			);
			name = Main.storyboard;
			sourceTree = "<group>";
		};
		77CA0D6E1B6BBCD100A898C1 /* LaunchScreen.xib */ = {
			isa = PBXVariantGroup;
			children = (
				77CA0D6F1B6BBCD100A898C1 /* Base */,
			);
			name = LaunchScreen.xib;
			sourceTree = "<group>";
		};
/* End PBXVariantGroup section */

/* Begin XCBuildConfiguration section */
		77CA0D7D1B6BBCD100A898C1 /* Debug */ = {
			isa = XCBuildConfiguration;
			buildSettings = {
				ALWAYS_SEARCH_USER_PATHS = NO;
				CLANG_CXX_LANGUAGE_STANDARD = "gnu++0x";
				CLANG_CXX_LIBRARY = "libc++";
				CLANG_ENABLE_MODULES = YES;
				CLANG_ENABLE_OBJC_ARC = YES;
				CLANG_WARN_BOOL_CONVERSION = YES;
				CLANG_WARN_CONSTANT_CONVERSION = YES;
				CLANG_WARN_DIRECT_OBJC_ISA_USAGE = YES_ERROR;
				CLANG_WARN_EMPTY_BODY = YES;
				CLANG_WARN_ENUM_CONVERSION = YES;
				CLANG_WARN_INT_CONVERSION = YES;
				CLANG_WARN_OBJC_ROOT_CLASS = YES_ERROR;
				CLANG_WARN_UNREACHABLE_CODE = YES;
				CLANG_WARN__DUPLICATE_METHOD_MATCH = YES;
				"CODE_SIGN_IDENTITY[sdk=iphoneos*]" = "iPhone Developer";
				COPY_PHASE_STRIP = NO;
				DEBUG_INFORMATION_FORMAT = "dwarf-with-dsym";
				ENABLE_STRICT_OBJC_MSGSEND = YES;
				GCC_C_LANGUAGE_STANDARD = gnu99;
				GCC_DYNAMIC_NO_PIC = NO;
				GCC_NO_COMMON_BLOCKS = YES;
				GCC_OPTIMIZATION_LEVEL = 0;
				GCC_PREPROCESSOR_DEFINITIONS = (
					"DEBUG=1",
					"$(inherited)",
				);
				GCC_SYMBOLS_PRIVATE_EXTERN = NO;
				GCC_WARN_64_TO_32_BIT_CONVERSION = YES;
				GCC_WARN_ABOUT_RETURN_TYPE = YES_ERROR;
				GCC_WARN_UNDECLARED_SELECTOR = YES;
				GCC_WARN_UNINITIALIZED_AUTOS = YES_AGGRESSIVE;
				GCC_WARN_UNUSED_FUNCTION = YES;
				GCC_WARN_UNUSED_VARIABLE = YES;
				IPHONEOS_DEPLOYMENT_TARGET = 8.3;
				MTL_ENABLE_DEBUG_INFO = YES;
				ONLY_ACTIVE_ARCH = YES;
				SDKROOT = iphoneos;
				SWIFT_OPTIMIZATION_LEVEL = "-Onone";
			};
			name = Debug;
		};
		77CA0D7E1B6BBCD100A898C1 /* Release */ = {
			isa = XCBuildConfiguration;
			buildSettings = {
				ALWAYS_SEARCH_USER_PATHS = NO;
				CLANG_CXX_LANGUAGE_STANDARD = "gnu++0x";
				CLANG_CXX_LIBRARY = "libc++";
				CLANG_ENABLE_MODULES = YES;
				CLANG_ENABLE_OBJC_ARC = YES;
				CLANG_WARN_BOOL_CONVERSION = YES;
				CLANG_WARN_CONSTANT_CONVERSION = YES;
				CLANG_WARN_DIRECT_OBJC_ISA_USAGE = YES_ERROR;
				CLANG_WARN_EMPTY_BODY = YES;
				CLANG_WARN_ENUM_CONVERSION = YES;
				CLANG_WARN_INT_CONVERSION = YES;
				CLANG_WARN_OBJC_ROOT_CLASS = YES_ERROR;
				CLANG_WARN_UNREACHABLE_CODE = YES;
				CLANG_WARN__DUPLICATE_METHOD_MATCH = YES;
				"CODE_SIGN_IDENTITY[sdk=iphoneos*]" = "iPhone Developer";
				COPY_PHASE_STRIP = NO;
				DEBUG_INFORMATION_FORMAT = "dwarf-with-dsym";
				ENABLE_NS_ASSERTIONS = NO;
				ENABLE_STRICT_OBJC_MSGSEND = YES;
				GCC_C_LANGUAGE_STANDARD = gnu99;
				GCC_NO_COMMON_BLOCKS = YES;
				GCC_WARN_64_TO_32_BIT_CONVERSION = YES;
				GCC_WARN_ABOUT_RETURN_TYPE = YES_ERROR;
				GCC_WARN_UNDECLARED_SELECTOR = YES;
				GCC_WARN_UNINITIALIZED_AUTOS = YES_AGGRESSIVE;
				GCC_WARN_UNUSED_FUNCTION = YES;
				GCC_WARN_UNUSED_VARIABLE = YES;
				IPHONEOS_DEPLOYMENT_TARGET = 8.3;
				MTL_ENABLE_DEBUG_INFO = NO;
				SDKROOT = iphoneos;
				VALIDATE_PRODUCT = YES;
			};
			name = Release;
		};
		77CA0D801B6BBCD100A898C1 /* Debug */ = {
			isa = XCBuildConfiguration;
			buildSettings = {
				ASSETCATALOG_COMPILER_APPICON_NAME = AppIcon;
				INFOPLIST_FILE = KVO_vs_PFObject/Info.plist;
				LD_RUNPATH_SEARCH_PATHS = "$(inherited) @executable_path/Frameworks";
				PRODUCT_NAME = "$(TARGET_NAME)";
			};
			name = Debug;
		};
		77CA0D811B6BBCD100A898C1 /* Release */ = {
			isa = XCBuildConfiguration;
			buildSettings = {
				ASSETCATALOG_COMPILER_APPICON_NAME = AppIcon;
				INFOPLIST_FILE = KVO_vs_PFObject/Info.plist;
				LD_RUNPATH_SEARCH_PATHS = "$(inherited) @executable_path/Frameworks";
				PRODUCT_NAME = "$(TARGET_NAME)";
			};
			name = Release;
		};
		77CA0D831B6BBCD100A898C1 /* Debug */ = {
			isa = XCBuildConfiguration;
			buildSettings = {
				BUNDLE_LOADER = "$(TEST_HOST)";
				FRAMEWORK_SEARCH_PATHS = (
					"$(SDKROOT)/Developer/Library/Frameworks",
					"$(inherited)",
				);
				GCC_PREPROCESSOR_DEFINITIONS = (
					"DEBUG=1",
					"$(inherited)",
				);
				INFOPLIST_FILE = KVO_vs_PFObjectTests/Info.plist;
				LD_RUNPATH_SEARCH_PATHS = "$(inherited) @executable_path/Frameworks @loader_path/Frameworks";
				PRODUCT_NAME = "$(TARGET_NAME)";
				TEST_HOST = "$(BUILT_PRODUCTS_DIR)/KVO_vs_PFObject.app/KVO_vs_PFObject";
			};
			name = Debug;
		};
		77CA0D841B6BBCD100A898C1 /* Release */ = {
			isa = XCBuildConfiguration;
			buildSettings = {
				BUNDLE_LOADER = "$(TEST_HOST)";
				FRAMEWORK_SEARCH_PATHS = (
					"$(SDKROOT)/Developer/Library/Frameworks",
					"$(inherited)",
				);
				INFOPLIST_FILE = KVO_vs_PFObjectTests/Info.plist;
				LD_RUNPATH_SEARCH_PATHS = "$(inherited) @executable_path/Frameworks @loader_path/Frameworks";
				PRODUCT_NAME = "$(TARGET_NAME)";
				TEST_HOST = "$(BUILT_PRODUCTS_DIR)/KVO_vs_PFObject.app/KVO_vs_PFObject";
			};
			name = Release;
		};
/* End XCBuildConfiguration section */

/* Begin XCConfigurationList section */
		77CA0D5B1B6BBCD000A898C1 /* Build configuration list for PBXProject "KVO_vs_PFObject" */ = {
			isa = XCConfigurationList;
			buildConfigurations = (
				77CA0D7D1B6BBCD100A898C1 /* Debug */,
				77CA0D7E1B6BBCD100A898C1 /* Release */,
			);
			defaultConfigurationIsVisible = 0;
			defaultConfigurationName = Release;
		};
		77CA0D7F1B6BBCD100A898C1 /* Build configuration list for PBXNativeTarget "KVO_vs_PFObject" */ = {
			isa = XCConfigurationList;
			buildConfigurations = (
				77CA0D801B6BBCD100A898C1 /* Debug */,
				77CA0D811B6BBCD100A898C1 /* Release */,
			);
			defaultConfigurationIsVisible = 0;
		};
		77CA0D821B6BBCD100A898C1 /* Build configuration list for PBXNativeTarget "KVO_vs_PFObjectTests" */ = {
			isa = XCConfigurationList;
			buildConfigurations = (
				77CA0D831B6BBCD100A898C1 /* Debug */,
				77CA0D841B6BBCD100A898C1 /* Release */,
			);
			defaultConfigurationIsVisible = 0;
		};
/* End XCConfigurationList section */
	};
	rootObject = 77CA0D581B6BBCD000A898C1 /* Project object */;
}
